// !$*UTF8*$!
{
	archiveVersion = 1;
	classes = {
	};
	objectVersion = 48;
	objects = {

/* Begin PBXBuildFile section */
		849D7DE81F902B490020940B /* AppDelegate.swift in Sources */ = {isa = PBXBuildFile; fileRef = 849D7DE71F902B490020940B /* AppDelegate.swift */; };
		849D7DEA1F902B490020940B /* ViewController.swift in Sources */ = {isa = PBXBuildFile; fileRef = 849D7DE91F902B490020940B /* ViewController.swift */; };
		849D7DED1F902B490020940B /* Main.storyboard in Resources */ = {isa = PBXBuildFile; fileRef = 849D7DEB1F902B490020940B /* Main.storyboard */; };
		849D7DEF1F902B490020940B /* Assets.xcassets in Resources */ = {isa = PBXBuildFile; fileRef = 849D7DEE1F902B490020940B /* Assets.xcassets */; };
		849D7DF21F902B490020940B /* LaunchScreen.storyboard in Resources */ = {isa = PBXBuildFile; fileRef = 849D7DF01F902B490020940B /* LaunchScreen.storyboard */; };
		849D7DFD1F902B4B0020940B /* BarCrawlerTests.swift in Sources */ = {isa = PBXBuildFile; fileRef = 849D7DFC1F902B4B0020940B /* BarCrawlerTests.swift */; };
		849D7E081F902CA70020940B /* Constants.swift in Sources */ = {isa = PBXBuildFile; fileRef = 849D7E071F902CA70020940B /* Constants.swift */; };
		849D7E0B1F902D540020940B /* YelpRequest.swift in Sources */ = {isa = PBXBuildFile; fileRef = 849D7E0A1F902D540020940B /* YelpRequest.swift */; };
		849D7E0D1F902E7C0020940B /* YelpBarService.swift in Sources */ = {isa = PBXBuildFile; fileRef = 849D7E0C1F902E7C0020940B /* YelpBarService.swift */; };
		849D7E0F1F902EB10020940B /* YelpClient.swift in Sources */ = {isa = PBXBuildFile; fileRef = 849D7E0E1F902EB10020940B /* YelpClient.swift */; };
		849D7E111F902EF30020940B /* BarModel.swift in Sources */ = {isa = PBXBuildFile; fileRef = 849D7E101F902EF30020940B /* BarModel.swift */; };
		849D7E131F902F7C0020940B /* LocationModel.swift in Sources */ = {isa = PBXBuildFile; fileRef = 849D7E121F902F7C0020940B /* LocationModel.swift */; };
		849D7E151F9030470020940B /* String+Extension.swift in Sources */ = {isa = PBXBuildFile; fileRef = 849D7E141F9030470020940B /* String+Extension.swift */; };
/* End PBXBuildFile section */

/* Begin PBXContainerItemProxy section */
		849D7DF91F902B4B0020940B /* PBXContainerItemProxy */ = {
			isa = PBXContainerItemProxy;
			containerPortal = 849D7DDC1F902B480020940B /* Project object */;
			proxyType = 1;
			remoteGlobalIDString = 849D7DE31F902B490020940B;
			remoteInfo = BarCrawler;
		};
/* End PBXContainerItemProxy section */

/* Begin PBXFileReference section */
		849D7DE41F902B490020940B /* BarCrawler.app */ = {isa = PBXFileReference; explicitFileType = wrapper.application; includeInIndex = 0; path = BarCrawler.app; sourceTree = BUILT_PRODUCTS_DIR; };
		849D7DE71F902B490020940B /* AppDelegate.swift */ = {isa = PBXFileReference; lastKnownFileType = sourcecode.swift; path = AppDelegate.swift; sourceTree = "<group>"; };
		849D7DE91F902B490020940B /* ViewController.swift */ = {isa = PBXFileReference; lastKnownFileType = sourcecode.swift; path = ViewController.swift; sourceTree = "<group>"; };
		849D7DEC1F902B490020940B /* Base */ = {isa = PBXFileReference; lastKnownFileType = file.storyboard; name = Base; path = Base.lproj/Main.storyboard; sourceTree = "<group>"; };
		849D7DEE1F902B490020940B /* Assets.xcassets */ = {isa = PBXFileReference; lastKnownFileType = folder.assetcatalog; path = Assets.xcassets; sourceTree = "<group>"; };
		849D7DF11F902B490020940B /* Base */ = {isa = PBXFileReference; lastKnownFileType = file.storyboard; name = Base; path = Base.lproj/LaunchScreen.storyboard; sourceTree = "<group>"; };
		849D7DF31F902B490020940B /* Info.plist */ = {isa = PBXFileReference; lastKnownFileType = text.plist.xml; path = Info.plist; sourceTree = "<group>"; };
		849D7DF81F902B4B0020940B /* BarCrawlerTests.xctest */ = {isa = PBXFileReference; explicitFileType = wrapper.cfbundle; includeInIndex = 0; path = BarCrawlerTests.xctest; sourceTree = BUILT_PRODUCTS_DIR; };
		849D7DFC1F902B4B0020940B /* BarCrawlerTests.swift */ = {isa = PBXFileReference; lastKnownFileType = sourcecode.swift; path = BarCrawlerTests.swift; sourceTree = "<group>"; };
		849D7DFE1F902B4B0020940B /* Info.plist */ = {isa = PBXFileReference; lastKnownFileType = text.plist.xml; path = Info.plist; sourceTree = "<group>"; };
		849D7E071F902CA70020940B /* Constants.swift */ = {isa = PBXFileReference; lastKnownFileType = sourcecode.swift; path = Constants.swift; sourceTree = "<group>"; };
		849D7E0A1F902D540020940B /* YelpRequest.swift */ = {isa = PBXFileReference; lastKnownFileType = sourcecode.swift; path = YelpRequest.swift; sourceTree = "<group>"; };
		849D7E0C1F902E7C0020940B /* YelpBarService.swift */ = {isa = PBXFileReference; lastKnownFileType = sourcecode.swift; path = YelpBarService.swift; sourceTree = "<group>"; };
		849D7E0E1F902EB10020940B /* YelpClient.swift */ = {isa = PBXFileReference; lastKnownFileType = sourcecode.swift; path = YelpClient.swift; sourceTree = "<group>"; };
		849D7E101F902EF30020940B /* BarModel.swift */ = {isa = PBXFileReference; lastKnownFileType = sourcecode.swift; path = BarModel.swift; sourceTree = "<group>"; };
		849D7E121F902F7C0020940B /* LocationModel.swift */ = {isa = PBXFileReference; lastKnownFileType = sourcecode.swift; path = LocationModel.swift; sourceTree = "<group>"; };
		849D7E141F9030470020940B /* String+Extension.swift */ = {isa = PBXFileReference; lastKnownFileType = sourcecode.swift; path = "String+Extension.swift"; sourceTree = "<group>"; };
/* End PBXFileReference section */

/* Begin PBXFrameworksBuildPhase section */
		849D7DE11F902B490020940B /* Frameworks */ = {
			isa = PBXFrameworksBuildPhase;
			buildActionMask = 2147483647;
			files = (
			);
			runOnlyForDeploymentPostprocessing = 0;
		};
		849D7DF51F902B4B0020940B /* Frameworks */ = {
			isa = PBXFrameworksBuildPhase;
			buildActionMask = 2147483647;
			files = (
			);
			runOnlyForDeploymentPostprocessing = 0;
		};
/* End PBXFrameworksBuildPhase section */

/* Begin PBXGroup section */
		849D7DDB1F902B480020940B = {
			isa = PBXGroup;
			children = (
				849D7DE61F902B490020940B /* BarCrawler */,
				849D7DFB1F902B4B0020940B /* BarCrawlerTests */,
				849D7DE51F902B490020940B /* Products */,
			);
			sourceTree = "<group>";
		};
		849D7DE51F902B490020940B /* Products */ = {
			isa = PBXGroup;
			children = (
				849D7DE41F902B490020940B /* BarCrawler.app */,
				849D7DF81F902B4B0020940B /* BarCrawlerTests.xctest */,
			);
			name = Products;
			sourceTree = "<group>";
		};
		849D7DE61F902B490020940B /* BarCrawler */ = {
			isa = PBXGroup;
			children = (
				849D7DE71F902B490020940B /* AppDelegate.swift */,
				849D7DE91F902B490020940B /* ViewController.swift */,
				849D7E171F90307C0020940B /* Models */,
				849D7E161F9030700020940B /* Extension */,
				849D7E091F902CBF0020940B /* Yelp */,
				849D7DEB1F902B490020940B /* Main.storyboard */,
				849D7DEE1F902B490020940B /* Assets.xcassets */,
				849D7DF01F902B490020940B /* LaunchScreen.storyboard */,
				849D7DF31F902B490020940B /* Info.plist */,
			);
			path = BarCrawler;
			sourceTree = "<group>";
		};
		849D7DFB1F902B4B0020940B /* BarCrawlerTests */ = {
			isa = PBXGroup;
			children = (
				849D7DFC1F902B4B0020940B /* BarCrawlerTests.swift */,
				849D7DFE1F902B4B0020940B /* Info.plist */,
			);
			path = BarCrawlerTests;
			sourceTree = "<group>";
		};
		849D7E091F902CBF0020940B /* Yelp */ = {
			isa = PBXGroup;
			children = (
				849D7E071F902CA70020940B /* Constants.swift */,
				849D7E0A1F902D540020940B /* YelpRequest.swift */,
				849D7E0E1F902EB10020940B /* YelpClient.swift */,
				849D7E0C1F902E7C0020940B /* YelpBarService.swift */,
			);
			path = Yelp;
			sourceTree = "<group>";
		};
		849D7E161F9030700020940B /* Extension */ = {
			isa = PBXGroup;
			children = (
				849D7E141F9030470020940B /* String+Extension.swift */,
			);
			path = Extension;
			sourceTree = "<group>";
		};
		849D7E171F90307C0020940B /* Models */ = {
			isa = PBXGroup;
			children = (
				849D7E101F902EF30020940B /* BarModel.swift */,
				849D7E121F902F7C0020940B /* LocationModel.swift */,
			);
			path = Models;
			sourceTree = "<group>";
		};
/* End PBXGroup section */

/* Begin PBXNativeTarget section */
		849D7DE31F902B490020940B /* BarCrawler */ = {
			isa = PBXNativeTarget;
			buildConfigurationList = 849D7E011F902B4B0020940B /* Build configuration list for PBXNativeTarget "BarCrawler" */;
			buildPhases = (
				849D7DE01F902B490020940B /* Sources */,
				849D7DE11F902B490020940B /* Frameworks */,
				849D7DE21F902B490020940B /* Resources */,
			);
			buildRules = (
			);
			dependencies = (
			);
			name = BarCrawler;
			productName = BarCrawler;
			productReference = 849D7DE41F902B490020940B /* BarCrawler.app */;
			productType = "com.apple.product-type.application";
		};
		849D7DF71F902B4B0020940B /* BarCrawlerTests */ = {
			isa = PBXNativeTarget;
			buildConfigurationList = 849D7E041F902B4B0020940B /* Build configuration list for PBXNativeTarget "BarCrawlerTests" */;
			buildPhases = (
				849D7DF41F902B4B0020940B /* Sources */,
				849D7DF51F902B4B0020940B /* Frameworks */,
				849D7DF61F902B4B0020940B /* Resources */,
			);
			buildRules = (
			);
			dependencies = (
				849D7DFA1F902B4B0020940B /* PBXTargetDependency */,
			);
			name = BarCrawlerTests;
			productName = BarCrawlerTests;
			productReference = 849D7DF81F902B4B0020940B /* BarCrawlerTests.xctest */;
			productType = "com.apple.product-type.bundle.unit-test";
		};
/* End PBXNativeTarget section */

/* Begin PBXProject section */
		849D7DDC1F902B480020940B /* Project object */ = {
			isa = PBXProject;
			attributes = {
				LastSwiftUpdateCheck = 0900;
				LastUpgradeCheck = 0900;
				ORGANIZATIONNAME = pengQueenie;
				TargetAttributes = {
					849D7DE31F902B490020940B = {
						CreatedOnToolsVersion = 9.0;
						ProvisioningStyle = Automatic;
					};
					849D7DF71F902B4B0020940B = {
						CreatedOnToolsVersion = 9.0;
						ProvisioningStyle = Automatic;
						TestTargetID = 849D7DE31F902B490020940B;
					};
				};
			};
			buildConfigurationList = 849D7DDF1F902B480020940B /* Build configuration list for PBXProject "BarCrawler" */;
			compatibilityVersion = "Xcode 8.0";
			developmentRegion = en;
			hasScannedForEncodings = 0;
			knownRegions = (
				en,
				Base,
			);
			mainGroup = 849D7DDB1F902B480020940B;
			productRefGroup = 849D7DE51F902B490020940B /* Products */;
			projectDirPath = "";
			projectRoot = "";
			targets = (
				849D7DE31F902B490020940B /* BarCrawler */,
				849D7DF71F902B4B0020940B /* BarCrawlerTests */,
			);
		};
/* End PBXProject section */

/* Begin PBXResourcesBuildPhase section */
		849D7DE21F902B490020940B /* Resources */ = {
			isa = PBXResourcesBuildPhase;
			buildActionMask = 2147483647;
			files = (
				849D7DF21F902B490020940B /* LaunchScreen.storyboard in Resources */,
				849D7DEF1F902B490020940B /* Assets.xcassets in Resources */,
				849D7DED1F902B490020940B /* Main.storyboard in Resources */,
			);
			runOnlyForDeploymentPostprocessing = 0;
		};
		849D7DF61F902B4B0020940B /* Resources */ = {
			isa = PBXResourcesBuildPhase;
			buildActionMask = 2147483647;
			files = (
			);
			runOnlyForDeploymentPostprocessing = 0;
		};
/* End PBXResourcesBuildPhase section */

/* Begin PBXSourcesBuildPhase section */
		849D7DE01F902B490020940B /* Sources */ = {
			isa = PBXSourcesBuildPhase;
			buildActionMask = 2147483647;
			files = (
				849D7E131F902F7C0020940B /* LocationModel.swift in Sources */,
				849D7E151F9030470020940B /* String+Extension.swift in Sources */,
				849D7E0D1F902E7C0020940B /* YelpBarService.swift in Sources */,
				849D7DEA1F902B490020940B /* ViewController.swift in Sources */,
				849D7DE81F902B490020940B /* AppDelegate.swift in Sources */,
				849D7E111F902EF30020940B /* BarModel.swift in Sources */,
				849D7E081F902CA70020940B /* Constants.swift in Sources */,
				849D7E0F1F902EB10020940B /* YelpClient.swift in Sources */,
				849D7E0B1F902D540020940B /* YelpRequest.swift in Sources */,
			);
			runOnlyForDeploymentPostprocessing = 0;
		};
		849D7DF41F902B4B0020940B /* Sources */ = {
			isa = PBXSourcesBuildPhase;
			buildActionMask = 2147483647;
			files = (
				849D7DFD1F902B4B0020940B /* BarCrawlerTests.swift in Sources */,
			);
			runOnlyForDeploymentPostprocessing = 0;
		};
/* End PBXSourcesBuildPhase section */

/* Begin PBXTargetDependency section */
		849D7DFA1F902B4B0020940B /* PBXTargetDependency */ = {
			isa = PBXTargetDependency;
			target = 849D7DE31F902B490020940B /* BarCrawler */;
			targetProxy = 849D7DF91F902B4B0020940B /* PBXContainerItemProxy */;
		};
/* End PBXTargetDependency section */

/* Begin PBXVariantGroup section */
		849D7DEB1F902B490020940B /* Main.storyboard */ = {
			isa = PBXVariantGroup;
			children = (
				849D7DEC1F902B490020940B /* Base */,
			);
			name = Main.storyboard;
			sourceTree = "<group>";
		};
		849D7DF01F902B490020940B /* LaunchScreen.storyboard */ = {
			isa = PBXVariantGroup;
			children = (
				849D7DF11F902B490020940B /* Base */,
			);
			name = LaunchScreen.storyboard;
			sourceTree = "<group>";
		};
/* End PBXVariantGroup section */

/* Begin XCBuildConfiguration section */
		849D7DFF1F902B4B0020940B /* Debug */ = {
			isa = XCBuildConfiguration;
			buildSettings = {
				ALWAYS_SEARCH_USER_PATHS = NO;
				CLANG_ANALYZER_NONNULL = YES;
				CLANG_ANALYZER_NUMBER_OBJECT_CONVERSION = YES_AGGRESSIVE;
				CLANG_CXX_LANGUAGE_STANDARD = "gnu++14";
				CLANG_CXX_LIBRARY = "libc++";
				CLANG_ENABLE_MODULES = YES;
				CLANG_ENABLE_OBJC_ARC = YES;
				CLANG_WARN_BLOCK_CAPTURE_AUTORELEASING = YES;
				CLANG_WARN_BOOL_CONVERSION = YES;
				CLANG_WARN_COMMA = YES;
				CLANG_WARN_CONSTANT_CONVERSION = YES;
				CLANG_WARN_DIRECT_OBJC_ISA_USAGE = YES_ERROR;
				CLANG_WARN_DOCUMENTATION_COMMENTS = YES;
				CLANG_WARN_EMPTY_BODY = YES;
				CLANG_WARN_ENUM_CONVERSION = YES;
				CLANG_WARN_INFINITE_RECURSION = YES;
				CLANG_WARN_INT_CONVERSION = YES;
				CLANG_WARN_NON_LITERAL_NULL_CONVERSION = YES;
				CLANG_WARN_OBJC_LITERAL_CONVERSION = YES;
				CLANG_WARN_OBJC_ROOT_CLASS = YES_ERROR;
				CLANG_WARN_RANGE_LOOP_ANALYSIS = YES;
				CLANG_WARN_STRICT_PROTOTYPES = YES;
				CLANG_WARN_SUSPICIOUS_MOVE = YES;
				CLANG_WARN_UNGUARDED_AVAILABILITY = YES_AGGRESSIVE;
				CLANG_WARN_UNREACHABLE_CODE = YES;
				CLANG_WARN__DUPLICATE_METHOD_MATCH = YES;
				CODE_SIGN_IDENTITY = "iPhone Developer";
				COPY_PHASE_STRIP = NO;
				DEBUG_INFORMATION_FORMAT = dwarf;
				ENABLE_STRICT_OBJC_MSGSEND = YES;
				ENABLE_TESTABILITY = YES;
				GCC_C_LANGUAGE_STANDARD = gnu11;
				GCC_DYNAMIC_NO_PIC = NO;
				GCC_NO_COMMON_BLOCKS = YES;
				GCC_OPTIMIZATION_LEVEL = 0;
				GCC_PREPROCESSOR_DEFINITIONS = (
					"DEBUG=1",
					"$(inherited)",
				);
				GCC_WARN_64_TO_32_BIT_CONVERSION = YES;
				GCC_WARN_ABOUT_RETURN_TYPE = YES_ERROR;
				GCC_WARN_UNDECLARED_SELECTOR = YES;
				GCC_WARN_UNINITIALIZED_AUTOS = YES_AGGRESSIVE;
				GCC_WARN_UNUSED_FUNCTION = YES;
				GCC_WARN_UNUSED_VARIABLE = YES;
				IPHONEOS_DEPLOYMENT_TARGET = 11.0;
				MTL_ENABLE_DEBUG_INFO = YES;
				ONLY_ACTIVE_ARCH = YES;
				SDKROOT = iphoneos;
				SWIFT_ACTIVE_COMPILATION_CONDITIONS = DEBUG;
				SWIFT_OPTIMIZATION_LEVEL = "-Onone";
			};
			name = Debug;
		};
		849D7E001F902B4B0020940B /* Release */ = {
			isa = XCBuildConfiguration;
			buildSettings = {
				ALWAYS_SEARCH_USER_PATHS = NO;
				CLANG_ANALYZER_NONNULL = YES;
				CLANG_ANALYZER_NUMBER_OBJECT_CONVERSION = YES_AGGRESSIVE;
				CLANG_CXX_LANGUAGE_STANDARD = "gnu++14";
				CLANG_CXX_LIBRARY = "libc++";
				CLANG_ENABLE_MODULES = YES;
				CLANG_ENABLE_OBJC_ARC = YES;
				CLANG_WARN_BLOCK_CAPTURE_AUTORELEASING = YES;
				CLANG_WARN_BOOL_CONVERSION = YES;
				CLANG_WARN_COMMA = YES;
				CLANG_WARN_CONSTANT_CONVERSION = YES;
				CLANG_WARN_DIRECT_OBJC_ISA_USAGE = YES_ERROR;
				CLANG_WARN_DOCUMENTATION_COMMENTS = YES;
				CLANG_WARN_EMPTY_BODY = YES;
				CLANG_WARN_ENUM_CONVERSION = YES;
				CLANG_WARN_INFINITE_RECURSION = YES;
				CLANG_WARN_INT_CONVERSION = YES;
				CLANG_WARN_NON_LITERAL_NULL_CONVERSION = YES;
				CLANG_WARN_OBJC_LITERAL_CONVERSION = YES;
				CLANG_WARN_OBJC_ROOT_CLASS = YES_ERROR;
				CLANG_WARN_RANGE_LOOP_ANALYSIS = YES;
				CLANG_WARN_STRICT_PROTOTYPES = YES;
				CLANG_WARN_SUSPICIOUS_MOVE = YES;
				CLANG_WARN_UNGUARDED_AVAILABILITY = YES_AGGRESSIVE;
				CLANG_WARN_UNREACHABLE_CODE = YES;
				CLANG_WARN__DUPLICATE_METHOD_MATCH = YES;
				CODE_SIGN_IDENTITY = "iPhone Developer";
				COPY_PHASE_STRIP = NO;
				DEBUG_INFORMATION_FORMAT = "dwarf-with-dsym";
				ENABLE_NS_ASSERTIONS = NO;
				ENABLE_STRICT_OBJC_MSGSEND = YES;
				GCC_C_LANGUAGE_STANDARD = gnu11;
				GCC_NO_COMMON_BLOCKS = YES;
				GCC_WARN_64_TO_32_BIT_CONVERSION = YES;
				GCC_WARN_ABOUT_RETURN_TYPE = YES_ERROR;
				GCC_WARN_UNDECLARED_SELECTOR = YES;
				GCC_WARN_UNINITIALIZED_AUTOS = YES_AGGRESSIVE;
				GCC_WARN_UNUSED_FUNCTION = YES;
				GCC_WARN_UNUSED_VARIABLE = YES;
				IPHONEOS_DEPLOYMENT_TARGET = 11.0;
				MTL_ENABLE_DEBUG_INFO = NO;
				SDKROOT = iphoneos;
				SWIFT_OPTIMIZATION_LEVEL = "-Owholemodule";
				VALIDATE_PRODUCT = YES;
			};
			name = Release;
		};
		849D7E021F902B4B0020940B /* Debug */ = {
			isa = XCBuildConfiguration;
			buildSettings = {
				ASSETCATALOG_COMPILER_APPICON_NAME = AppIcon;
				CODE_SIGN_STYLE = Automatic;
				DEVELOPMENT_TEAM = ZS6TM2NW2R;
				INFOPLIST_FILE = BarCrawler/Info.plist;
				LD_RUNPATH_SEARCH_PATHS = "$(inherited) @executable_path/Frameworks";
				PRODUCT_BUNDLE_IDENTIFIER = com.queeniepeng.BarCrawler;
				PRODUCT_NAME = "$(TARGET_NAME)";
				SWIFT_VERSION = 4.0;
				TARGETED_DEVICE_FAMILY = "1,2";
			};
			name = Debug;
		};
		849D7E031F902B4B0020940B /* Release */ = {
			isa = XCBuildConfiguration;
			buildSettings = {
				ASSETCATALOG_COMPILER_APPICON_NAME = AppIcon;
				CODE_SIGN_STYLE = Automatic;
				DEVELOPMENT_TEAM = ZS6TM2NW2R;
				INFOPLIST_FILE = BarCrawler/Info.plist;
				LD_RUNPATH_SEARCH_PATHS = "$(inherited) @executable_path/Frameworks";
				PRODUCT_BUNDLE_IDENTIFIER = com.queeniepeng.BarCrawler;
				PRODUCT_NAME = "$(TARGET_NAME)";
				SWIFT_VERSION = 4.0;
				TARGETED_DEVICE_FAMILY = "1,2";
			};
			name = Release;
		};
		849D7E051F902B4B0020940B /* Debug */ = {
			isa = XCBuildConfiguration;
			buildSettings = {
				ALWAYS_EMBED_SWIFT_STANDARD_LIBRARIES = YES;
				BUNDLE_LOADER = "$(TEST_HOST)";
				CODE_SIGN_STYLE = Automatic;
				INFOPLIST_FILE = BarCrawlerTests/Info.plist;
				LD_RUNPATH_SEARCH_PATHS = "$(inherited) @executable_path/Frameworks @loader_path/Frameworks";
				PRODUCT_BUNDLE_IDENTIFIER = com.queeniepeng.BarCrawlerTests;
				PRODUCT_NAME = "$(TARGET_NAME)";
				SWIFT_VERSION = 4.0;
				TARGETED_DEVICE_FAMILY = "1,2";
				TEST_HOST = "$(BUILT_PRODUCTS_DIR)/BarCrawler.app/BarCrawler";
			};
			name = Debug;
		};
		849D7E061F902B4B0020940B /* Release */ = {
			isa = XCBuildConfiguration;
			buildSettings = {
				ALWAYS_EMBED_SWIFT_STANDARD_LIBRARIES = YES;
				BUNDLE_LOADER = "$(TEST_HOST)";
				CODE_SIGN_STYLE = Automatic;
				INFOPLIST_FILE = BarCrawlerTests/Info.plist;
				LD_RUNPATH_SEARCH_PATHS = "$(inherited) @executable_path/Frameworks @loader_path/Frameworks";
				PRODUCT_BUNDLE_IDENTIFIER = com.queeniepeng.BarCrawlerTests;
				PRODUCT_NAME = "$(TARGET_NAME)";
				SWIFT_VERSION = 4.0;
				TARGETED_DEVICE_FAMILY = "1,2";
				TEST_HOST = "$(BUILT_PRODUCTS_DIR)/BarCrawler.app/BarCrawler";
			};
			name = Release;
		};
/* End XCBuildConfiguration section */

/* Begin XCConfigurationList section */
		849D7DDF1F902B480020940B /* Build configuration list for PBXProject "BarCrawler" */ = {
			isa = XCConfigurationList;
			buildConfigurations = (
				849D7DFF1F902B4B0020940B /* Debug */,
				849D7E001F902B4B0020940B /* Release */,
			);
			defaultConfigurationIsVisible = 0;
			defaultConfigurationName = Release;
		};
		849D7E011F902B4B0020940B /* Build configuration list for PBXNativeTarget "BarCrawler" */ = {
			isa = XCConfigurationList;
			buildConfigurations = (
				849D7E021F902B4B0020940B /* Debug */,
				849D7E031F902B4B0020940B /* Release */,
			);
			defaultConfigurationIsVisible = 0;
			defaultConfigurationName = Release;
		};
		849D7E041F902B4B0020940B /* Build configuration list for PBXNativeTarget "BarCrawlerTests" */ = {
			isa = XCConfigurationList;
			buildConfigurations = (
				849D7E051F902B4B0020940B /* Debug */,
				849D7E061F902B4B0020940B /* Release */,
			);
			defaultConfigurationIsVisible = 0;
			defaultConfigurationName = Release;
		};
/* End XCConfigurationList section */
	};
	rootObject = 849D7DDC1F902B480020940B /* Project object */;
}
